
Microsoft Visual Studio Solution File, Format Version 12.00
# Visual Studio Version 16
VisualStudioVersion = 16.0.31624.102
MinimumVisualStudioVersion = 10.0.40219.1
Project("{FAE04EC0-301F-11D3-BF4B-00C04F79EFBC}") = "AppFashionUI.Android", "AppFashionUI.Android\AppFashionUI.Android.csproj", "{2969AF96-28C1-4306-880E-A6BAF2DE77A8}"
EndProject
Project("{FAE04EC0-301F-11D3-BF4B-00C04F79EFBC}") = "AppFashionUI.iOS", "AppFashionUI.iOS\AppFashionUI.iOS.csproj", "{704D09E0-FB96-4185-87BF-356B21F5C536}"
EndProject
Project("{FAE04EC0-301F-11D3-BF4B-00C04F79EFBC}") = "AppFashionUI", "AppFashionUI\AppFashionUI.csproj", "{2484F5B9-5D01-4A0E-B521-9720DFEA76AE}"
EndProject
Global
	GlobalSection(SolutionConfigurationPlatforms) = preSolution
		Debug|Any CPU = Debug|Any CPU
		Debug|iPhone = Debug|iPhone
		Debug|iPhoneSimulator = Debug|iPhoneSimulator
		Release|Any CPU = Release|Any CPU
		Release|iPhone = Release|iPhone
		Release|iPhoneSimulator = Release|iPhoneSimulator
	EndGlobalSection
	GlobalSection(ProjectConfigurationPlatforms) = postSolution
		{2969AF96-28C1-4306-880E-A6BAF2DE77A8}.Debug|Any CPU.ActiveCfg = Debug|Any CPU
		{2969AF96-28C1-4306-880E-A6BAF2DE77A8}.Debug|Any CPU.Build.0 = Debug|Any CPU
		{2969AF96-28C1-4306-880E-A6BAF2DE77A8}.Debug|Any CPU.Deploy.0 = Debug|Any CPU
		{2969AF96-28C1-4306-880E-A6BAF2DE77A8}.Debug|iPhone.ActiveCfg = Debug|Any CPU
		{2969AF96-28C1-4306-880E-A6BAF2DE77A8}.Debug|iPhone.Build.0 = Debug|Any CPU
		{2969AF96-28C1-4306-880E-A6BAF2DE77A8}.Debug|iPhone.Deploy.0 = Debug|Any CPU
		{2969AF96-28C1-4306-880E-A6BAF2DE77A8}.Debug|iPhoneSimulator.ActiveCfg = Debug|Any CPU
		{2969AF96-28C1-4306-880E-A6BAF2DE77A8}.Debug|iPhoneSimulator.Build.0 = Debug|Any CPU
		{2969AF96-28C1-4306-880E-A6BAF2DE77A8}.Debug|iPhoneSimulator.Deploy.0 = Debug|Any CPU
		{2969AF96-28C1-4306-880E-A6BAF2DE77A8}.Release|Any CPU.ActiveCfg = Release|Any CPU
		{2969AF96-28C1-4306-880E-A6BAF2DE77A8}.Release|Any CPU.Build.0 = Release|Any CPU
		{2969AF96-28C1-4306-880E-A6BAF2DE77A8}.Release|Any CPU.Deploy.0 = Release|Any CPU
		{2969AF96-28C1-4306-880E-A6BAF2DE77A8}.Release|iPhone.ActiveCfg = Release|Any CPU
		{2969AF96-28C1-4306-880E-A6BAF2DE77A8}.Release|iPhone.Build.0 = Release|Any CPU
		{2969AF96-28C1-4306-880E-A6BAF2DE77A8}.Release|iPhone.Deploy.0 = Release|Any CPU
		{2969AF96-28C1-4306-880E-A6BAF2DE77A8}.Release|iPhoneSimulator.ActiveCfg = Release|Any CPU
		{2969AF96-28C1-4306-880E-A6BAF2DE77A8}.Release|iPhoneSimulator.Build.0 = Release|Any CPU
		{2969AF96-28C1-4306-880E-A6BAF2DE77A8}.Release|iPhoneSimulator.Deploy.0 = Release|Any CPU
		{704D09E0-FB96-4185-87BF-356B21F5C536}.Debug|Any CPU.ActiveCfg = Debug|iPhone
		{704D09E0-FB96-4185-87BF-356B21F5C536}.Debug|Any CPU.Build.0 = Debug|iPhone
		{704D09E0-FB96-4185-87BF-356B21F5C536}.Debug|Any CPU.Deploy.0 = Debug|iPhone
		{704D09E0-FB96-4185-87BF-356B21F5C536}.Debug|iPhone.ActiveCfg = Debug|iPhone
		{704D09E0-FB96-4185-87BF-356B21F5C536}.Debug|iPhone.Build.0 = Debug|iPhone
		{704D09E0-FB96-4185-87BF-356B21F5C536}.Debug|iPhone.Deploy.0 = Debug|iPhone
		{704D09E0-FB96-4185-87BF-356B21F5C536}.Debug|iPhoneSimulator.ActiveCfg = Debug|iPhoneSimulator
		{704D09E0-FB96-4185-87BF-356B21F5C536}.Debug|iPhoneSimulator.Build.0 = Debug|iPhoneSimulator
		{704D09E0-FB96-4185-87BF-356B21F5C536}.Debug|iPhoneSimulator.Deploy.0 = Debug|iPhoneSimulator
		{704D09E0-FB96-4185-87BF-356B21F5C536}.Release|Any CPU.ActiveCfg = Release|iPhoneSimulator
		{704D09E0-FB96-4185-87BF-356B21F5C536}.Release|Any CPU.Build.0 = Release|iPhoneSimulator
		{704D09E0-FB96-4185-87BF-356B21F5C536}.Release|Any CPU.Deploy.0 = Release|iPhoneSimulator
		{704D09E0-FB96-4185-87BF-356B21F5C536}.Release|iPhone.ActiveCfg = Release|iPhone
		{704D09E0-FB96-4185-87BF-356B21F5C536}.Release|iPhone.Build.0 = Release|iPhone
		{704D09E0-FB96-4185-87BF-356B21F5C536}.Release|iPhone.Deploy.0 = Release|iPhone
		{704D09E0-FB96-4185-87BF-356B21F5C536}.Release|iPhoneSimulator.ActiveCfg = Release|iPhoneSimulator
		{704D09E0-FB96-4185-87BF-356B21F5C536}.Release|iPhoneSimulator.Build.0 = Release|iPhoneSimulator
		{704D09E0-FB96-4185-87BF-356B21F5C536}.Release|iPhoneSimulator.Deploy.0 = Release|iPhoneSimulator
		{2484F5B9-5D01-4A0E-B521-9720DFEA76AE}.Debug|Any CPU.ActiveCfg = Debug|Any CPU
		{2484F5B9-5D01-4A0E-B521-9720DFEA76AE}.Debug|Any CPU.Build.0 = Debug|Any CPU
		{2484F5B9-5D01-4A0E-B521-9720DFEA76AE}.Debug|Any CPU.Deploy.0 = Debug|Any CPU
		{2484F5B9-5D01-4A0E-B521-9720DFEA76AE}.Debug|iPhone.ActiveCfg = Debug|Any CPU
		{2484F5B9-5D01-4A0E-B521-9720DFEA76AE}.Debug|iPhone.Build.0 = Debug|Any CPU
		{2484F5B9-5D01-4A0E-B521-9720DFEA76AE}.Debug|iPhone.Deploy.0 = Debug|Any CPU
		{2484F5B9-5D01-4A0E-B521-9720DFEA76AE}.Debug|iPhoneSimulator.ActiveCfg = Debug|Any CPU
		{2484F5B9-5D01-4A0E-B521-9720DFEA76AE}.Debug|iPhoneSimulator.Build.0 = Debug|Any CPU
		{2484F5B9-5D01-4A0E-B521-9720DFEA76AE}.Debug|iPhoneSimulator.Deploy.0 = Debug|Any CPU
		{2484F5B9-5D01-4A0E-B521-9720DFEA76AE}.Release|Any CPU.ActiveCfg = Release|Any CPU
		{2484F5B9-5D01-4A0E-B521-9720DFEA76AE}.Release|Any CPU.Build.0 = Release|Any CPU
		{2484F5B9-5D01-4A0E-B521-9720DFEA76AE}.Release|Any CPU.Deploy.0 = Release|Any CPU
		{2484F5B9-5D01-4A0E-B521-9720DFEA76AE}.Release|iPhone.ActiveCfg = Release|Any CPU
		{2484F5B9-5D01-4A0E-B521-9720DFEA76AE}.Release|iPhone.Build.0 = Release|Any CPU
		{2484F5B9-5D01-4A0E-B521-9720DFEA76AE}.Release|iPhone.Deploy.0 = Release|Any CPU
		{2484F5B9-5D01-4A0E-B521-9720DFEA76AE}.Release|iPhoneSimulator.ActiveCfg = Release|Any CPU
		{2484F5B9-5D01-4A0E-B521-9720DFEA76AE}.Release|iPhoneSimulator.Build.0 = Release|Any CPU
		{2484F5B9-5D01-4A0E-B521-9720DFEA76AE}.Release|iPhoneSimulator.Deploy.0 = Release|Any CPU
	EndGlobalSection
	GlobalSection(SolutionProperties) = preSolution
		HideSolutionNode = FALSE
	EndGlobalSection
	GlobalSection(ExtensibilityGlobals) = postSolution
		SolutionGuid = {E7BF96C1-D106-48FD-B6BB-7ACA0053DB64}
	EndGlobalSection
EndGlobal
